
Microsoft Visual Studio Solution File, Format Version 12.00
# Visual Studio Version 16
VisualStudioVersion = 16.0.33027.164
MinimumVisualStudioVersion = 10.0.40219.1
Project("{8BC9CEB8-8B4A-11D0-8D11-00A0C91BC942}") = "Bonobono", "Bonobono\Bonobono.vcxproj", "{58148E37-E740-4A51-B3C3-832EE6422309}"
EndProject
Project("{8BC9CEB8-8B4A-11D0-8D11-00A0C91BC942}") = "Ryan", "Ryan\Ryan.vcxproj", "{2C63CC1E-AB83-45D5-B4EF-DE8C1968CA89}"
EndProject
Global
	GlobalSection(SolutionConfigurationPlatforms) = preSolution
		Debug|x64 = Debug|x64
		Debug|x86 = Debug|x86
		Release|x64 = Release|x64
		Release|x86 = Release|x86
	EndGlobalSection
	GlobalSection(ProjectConfigurationPlatforms) = postSolution
		{58148E37-E740-4A51-B3C3-832EE6422309}.Debug|x64.ActiveCfg = Debug|x64
		{58148E37-E740-4A51-B3C3-832EE6422309}.Debug|x64.Build.0 = Debug|x64
		{58148E37-E740-4A51-B3C3-832EE6422309}.Debug|x86.ActiveCfg = Debug|Win32
		{58148E37-E740-4A51-B3C3-832EE6422309}.Debug|x86.Build.0 = Debug|Win32
		{58148E37-E740-4A51-B3C3-832EE6422309}.Release|x64.ActiveCfg = Release|x64
		{58148E37-E740-4A51-B3C3-832EE6422309}.Release|x64.Build.0 = Release|x64
		{58148E37-E740-4A51-B3C3-832EE6422309}.Release|x86.ActiveCfg = Release|Win32
		{58148E37-E740-4A51-B3C3-832EE6422309}.Release|x86.Build.0 = Release|Win32
		{2C63CC1E-AB83-45D5-B4EF-DE8C1968CA89}.Debug|x64.ActiveCfg = Debug|x64
		{2C63CC1E-AB83-45D5-B4EF-DE8C1968CA89}.Debug|x64.Build.0 = Debug|x64
		{2C63CC1E-AB83-45D5-B4EF-DE8C1968CA89}.Debug|x86.ActiveCfg = Debug|Win32
		{2C63CC1E-AB83-45D5-B4EF-DE8C1968CA89}.Debug|x86.Build.0 = Debug|Win32
		{2C63CC1E-AB83-45D5-B4EF-DE8C1968CA89}.Release|x64.ActiveCfg = Release|x64
		{2C63CC1E-AB83-45D5-B4EF-DE8C1968CA89}.Release|x64.Build.0 = Release|x64
		{2C63CC1E-AB83-45D5-B4EF-DE8C1968CA89}.Release|x86.ActiveCfg = Release|Win32
		{2C63CC1E-AB83-45D5-B4EF-DE8C1968CA89}.Release|x86.Build.0 = Release|Win32
	EndGlobalSection
	GlobalSection(SolutionProperties) = preSolution
		HideSolutionNode = FALSE
	EndGlobalSection
	GlobalSection(ExtensibilityGlobals) = postSolution
		SolutionGuid = {09599B9C-DADD-4AA5-A1D1-2EC55E01EC4C}
	EndGlobalSection
EndGlobal
